{
    "requires": true,
    "lockfileVersion": 1,
    "dependencies": {
        "ngraph.events": {
            "version": "0.0.4",
            "resolved": "https://registry.npmjs.org/ngraph.events/-/ngraph.events-0.0.4.tgz",
            "integrity": "sha1-css2RIjdD9fwV0WESfajsXpyLZo="
        },
        "ngraph.graph": {
            "version": "0.0.14",
            "resolved": "https://registry.npmjs.org/ngraph.graph/-/ngraph.graph-0.0.14.tgz",
            "integrity": "sha1-1HrJSWfJIKr3aVLYpOczRuHfLbc=",
            "requires": {
                "ngraph.events": "0.0.3"
            },
            "dependencies": {
                "ngraph.events": {
                    "version": "0.0.3",
                    "resolved": "https://registry.npmjs.org/ngraph.events/-/ngraph.events-0.0.3.tgz",
                    "integrity": "sha1-OPVTFvPSB61jH/lPZiLKjywOh9A="
                }
            }
        },
        "ngraph.path": {
            "version": "1.0.2",
            "resolved": "https://registry.npmjs.org/ngraph.path/-/ngraph.path-1.0.2.tgz",
            "integrity": "sha1-VGv6CCkArW622pUXHLxgPlJN6Tc="
        }
    }
}
